
Microsoft Visual Studio Solution File, Format Version 12.00
# Visual Studio Version 16
VisualStudioVersion = 16.0.32228.343
MinimumVisualStudioVersion = 10.0.40219.1
Project("{9A19103F-16F7-4668-BE54-9A1E7A4F7556}") = "MiCalculadora", "MiCalculadora\MiCalculadora.csproj", "{95CCB582-CCD7-4405-B7E4-5160DEFCE501}"
EndProject
Project("{FAE04EC0-301F-11D3-BF4B-00C04F79EFBC}") = "Entidades", "Entidades\Entidades.csproj", "{AEFF5EDE-8EFE-48C6-9CE1-DBB60F33F879}"
EndProject
Global
	GlobalSection(SolutionConfigurationPlatforms) = preSolution
		Debug|Any CPU = Debug|Any CPU
		Release|Any CPU = Release|Any CPU
	EndGlobalSection
	GlobalSection(ProjectConfigurationPlatforms) = postSolution
		{95CCB582-CCD7-4405-B7E4-5160DEFCE501}.Debug|Any CPU.ActiveCfg = Debug|Any CPU
		{95CCB582-CCD7-4405-B7E4-5160DEFCE501}.Debug|Any CPU.Build.0 = Debug|Any CPU
		{95CCB582-CCD7-4405-B7E4-5160DEFCE501}.Release|Any CPU.ActiveCfg = Release|Any CPU
		{95CCB582-CCD7-4405-B7E4-5160DEFCE501}.Release|Any CPU.Build.0 = Release|Any CPU
		{AEFF5EDE-8EFE-48C6-9CE1-DBB60F33F879}.Debug|Any CPU.ActiveCfg = Debug|Any CPU
		{AEFF5EDE-8EFE-48C6-9CE1-DBB60F33F879}.Debug|Any CPU.Build.0 = Debug|Any CPU
		{AEFF5EDE-8EFE-48C6-9CE1-DBB60F33F879}.Release|Any CPU.ActiveCfg = Release|Any CPU
		{AEFF5EDE-8EFE-48C6-9CE1-DBB60F33F879}.Release|Any CPU.Build.0 = Release|Any CPU
	EndGlobalSection
	GlobalSection(SolutionProperties) = preSolution
		HideSolutionNode = FALSE
	EndGlobalSection
	GlobalSection(ExtensibilityGlobals) = postSolution
		SolutionGuid = {FC8E252D-24C1-4535-81B6-CB38187A9921}
	EndGlobalSection
EndGlobal
